// !$*UTF8*$!
{
	archiveVersion = 1;
	classes = {
	};
	objectVersion = 56;
	objects = {

/* Begin PBXBuildFile section */
		299A5AD82AC73EA800DD77BE /* swift_basics_tutorialApp.swift in Sources */ = {isa = PBXBuildFile; fileRef = 299A5AD72AC73EA800DD77BE /* swift_basics_tutorialApp.swift */; };
		299A5ADA2AC73EA800DD77BE /* ContentView.swift in Sources */ = {isa = PBXBuildFile; fileRef = 299A5AD92AC73EA800DD77BE /* ContentView.swift */; };
		299A5ADC2AC73EA800DD77BE /* Item.swift in Sources */ = {isa = PBXBuildFile; fileRef = 299A5ADB2AC73EA800DD77BE /* Item.swift */; };
		299A5ADE2AC73EAA00DD77BE /* Assets.xcassets in Resources */ = {isa = PBXBuildFile; fileRef = 299A5ADD2AC73EAA00DD77BE /* Assets.xcassets */; };
		299A5AE22AC73EAA00DD77BE /* Preview Assets.xcassets in Resources */ = {isa = PBXBuildFile; fileRef = 299A5AE12AC73EAA00DD77BE /* Preview Assets.xcassets */; };
		299A5AEC2AC73EAA00DD77BE /* swift_basics_tutorialTests.swift in Sources */ = {isa = PBXBuildFile; fileRef = 299A5AEB2AC73EAA00DD77BE /* swift_basics_tutorialTests.swift */; };
		299A5AF62AC73EAA00DD77BE /* swift_basics_tutorialUITests.swift in Sources */ = {isa = PBXBuildFile; fileRef = 299A5AF52AC73EAA00DD77BE /* swift_basics_tutorialUITests.swift */; };
		299A5AF82AC73EAA00DD77BE /* swift_basics_tutorialUITestsLaunchTests.swift in Sources */ = {isa = PBXBuildFile; fileRef = 299A5AF72AC73EAA00DD77BE /* swift_basics_tutorialUITestsLaunchTests.swift */; };
/* End PBXBuildFile section */

/* Begin PBXContainerItemProxy section */
		299A5AE82AC73EAA00DD77BE /* PBXContainerItemProxy */ = {
			isa = PBXContainerItemProxy;
			containerPortal = 299A5ACC2AC73EA800DD77BE /* Project object */;
			proxyType = 1;
			remoteGlobalIDString = 299A5AD32AC73EA800DD77BE;
			remoteInfo = swift_basics_tutorial;
		};
		299A5AF22AC73EAA00DD77BE /* PBXContainerItemProxy */ = {
			isa = PBXContainerItemProxy;
			containerPortal = 299A5ACC2AC73EA800DD77BE /* Project object */;
			proxyType = 1;
			remoteGlobalIDString = 299A5AD32AC73EA800DD77BE;
			remoteInfo = swift_basics_tutorial;
		};
/* End PBXContainerItemProxy section */

/* Begin PBXFileReference section */
		299A5AD42AC73EA800DD77BE /* swift_basics_tutorial.app */ = {isa = PBXFileReference; explicitFileType = wrapper.application; includeInIndex = 0; path = swift_basics_tutorial.app; sourceTree = BUILT_PRODUCTS_DIR; };
		299A5AD72AC73EA800DD77BE /* swift_basics_tutorialApp.swift */ = {isa = PBXFileReference; lastKnownFileType = sourcecode.swift; path = swift_basics_tutorialApp.swift; sourceTree = "<group>"; };
		299A5AD92AC73EA800DD77BE /* ContentView.swift */ = {isa = PBXFileReference; lastKnownFileType = sourcecode.swift; path = ContentView.swift; sourceTree = "<group>"; };
		299A5ADB2AC73EA800DD77BE /* Item.swift */ = {isa = PBXFileReference; lastKnownFileType = sourcecode.swift; path = Item.swift; sourceTree = "<group>"; };
		299A5ADD2AC73EAA00DD77BE /* Assets.xcassets */ = {isa = PBXFileReference; lastKnownFileType = folder.assetcatalog; path = Assets.xcassets; sourceTree = "<group>"; };
		299A5ADF2AC73EAA00DD77BE /* swift_basics_tutorial.entitlements */ = {isa = PBXFileReference; lastKnownFileType = text.plist.entitlements; path = swift_basics_tutorial.entitlements; sourceTree = "<group>"; };
		299A5AE12AC73EAA00DD77BE /* Preview Assets.xcassets */ = {isa = PBXFileReference; lastKnownFileType = folder.assetcatalog; path = "Preview Assets.xcassets"; sourceTree = "<group>"; };
		299A5AE72AC73EAA00DD77BE /* swift_basics_tutorialTests.xctest */ = {isa = PBXFileReference; explicitFileType = wrapper.cfbundle; includeInIndex = 0; path = swift_basics_tutorialTests.xctest; sourceTree = BUILT_PRODUCTS_DIR; };
		299A5AEB2AC73EAA00DD77BE /* swift_basics_tutorialTests.swift */ = {isa = PBXFileReference; lastKnownFileType = sourcecode.swift; path = swift_basics_tutorialTests.swift; sourceTree = "<group>"; };
		299A5AF12AC73EAA00DD77BE /* swift_basics_tutorialUITests.xctest */ = {isa = PBXFileReference; explicitFileType = wrapper.cfbundle; includeInIndex = 0; path = swift_basics_tutorialUITests.xctest; sourceTree = BUILT_PRODUCTS_DIR; };
		299A5AF52AC73EAA00DD77BE /* swift_basics_tutorialUITests.swift */ = {isa = PBXFileReference; lastKnownFileType = sourcecode.swift; path = swift_basics_tutorialUITests.swift; sourceTree = "<group>"; };
		299A5AF72AC73EAA00DD77BE /* swift_basics_tutorialUITestsLaunchTests.swift */ = {isa = PBXFileReference; lastKnownFileType = sourcecode.swift; path = swift_basics_tutorialUITestsLaunchTests.swift; sourceTree = "<group>"; };
/* End PBXFileReference section */

/* Begin PBXFrameworksBuildPhase section */
		299A5AD12AC73EA800DD77BE /* Frameworks */ = {
			isa = PBXFrameworksBuildPhase;
			buildActionMask = 2147483647;
			files = (
			);
			runOnlyForDeploymentPostprocessing = 0;
		};
		299A5AE42AC73EAA00DD77BE /* Frameworks */ = {
			isa = PBXFrameworksBuildPhase;
			buildActionMask = 2147483647;
			files = (
			);
			runOnlyForDeploymentPostprocessing = 0;
		};
		299A5AEE2AC73EAA00DD77BE /* Frameworks */ = {
			isa = PBXFrameworksBuildPhase;
			buildActionMask = 2147483647;
			files = (
			);
			runOnlyForDeploymentPostprocessing = 0;
		};
/* End PBXFrameworksBuildPhase section */

/* Begin PBXGroup section */
		299A5ACB2AC73EA800DD77BE = {
			isa = PBXGroup;
			children = (
				299A5AD62AC73EA800DD77BE /* swift_basics_tutorial */,
				299A5AEA2AC73EAA00DD77BE /* swift_basics_tutorialTests */,
				299A5AF42AC73EAA00DD77BE /* swift_basics_tutorialUITests */,
				299A5AD52AC73EA800DD77BE /* Products */,
			);
			sourceTree = "<group>";
		};
		299A5AD52AC73EA800DD77BE /* Products */ = {
			isa = PBXGroup;
			children = (
				299A5AD42AC73EA800DD77BE /* swift_basics_tutorial.app */,
				299A5AE72AC73EAA00DD77BE /* swift_basics_tutorialTests.xctest */,
				299A5AF12AC73EAA00DD77BE /* swift_basics_tutorialUITests.xctest */,
			);
			name = Products;
			sourceTree = "<group>";
		};
		299A5AD62AC73EA800DD77BE /* swift_basics_tutorial */ = {
			isa = PBXGroup;
			children = (
				299A5AD72AC73EA800DD77BE /* swift_basics_tutorialApp.swift */,
				299A5AD92AC73EA800DD77BE /* ContentView.swift */,
				299A5ADB2AC73EA800DD77BE /* Item.swift */,
				299A5ADD2AC73EAA00DD77BE /* Assets.xcassets */,
				299A5ADF2AC73EAA00DD77BE /* swift_basics_tutorial.entitlements */,
				299A5AE02AC73EAA00DD77BE /* Preview Content */,
			);
			path = swift_basics_tutorial;
			sourceTree = "<group>";
		};
		299A5AE02AC73EAA00DD77BE /* Preview Content */ = {
			isa = PBXGroup;
			children = (
				299A5AE12AC73EAA00DD77BE /* Preview Assets.xcassets */,
			);
			path = "Preview Content";
			sourceTree = "<group>";
		};
		299A5AEA2AC73EAA00DD77BE /* swift_basics_tutorialTests */ = {
			isa = PBXGroup;
			children = (
				299A5AEB2AC73EAA00DD77BE /* swift_basics_tutorialTests.swift */,
			);
			path = swift_basics_tutorialTests;
			sourceTree = "<group>";
		};
		299A5AF42AC73EAA00DD77BE /* swift_basics_tutorialUITests */ = {
			isa = PBXGroup;
			children = (
				299A5AF52AC73EAA00DD77BE /* swift_basics_tutorialUITests.swift */,
				299A5AF72AC73EAA00DD77BE /* swift_basics_tutorialUITestsLaunchTests.swift */,
			);
			path = swift_basics_tutorialUITests;
			sourceTree = "<group>";
		};
/* End PBXGroup section */

/* Begin PBXNativeTarget section */
		299A5AD32AC73EA800DD77BE /* swift_basics_tutorial */ = {
			isa = PBXNativeTarget;
			buildConfigurationList = 299A5AFB2AC73EAA00DD77BE /* Build configuration list for PBXNativeTarget "swift_basics_tutorial" */;
			buildPhases = (
				299A5AD02AC73EA800DD77BE /* Sources */,
				299A5AD12AC73EA800DD77BE /* Frameworks */,
				299A5AD22AC73EA800DD77BE /* Resources */,
			);
			buildRules = (
			);
			dependencies = (
			);
			name = swift_basics_tutorial;
			productName = swift_basics_tutorial;
			productReference = 299A5AD42AC73EA800DD77BE /* swift_basics_tutorial.app */;
			productType = "com.apple.product-type.application";
		};
		299A5AE62AC73EAA00DD77BE /* swift_basics_tutorialTests */ = {
			isa = PBXNativeTarget;
			buildConfigurationList = 299A5AFE2AC73EAA00DD77BE /* Build configuration list for PBXNativeTarget "swift_basics_tutorialTests" */;
			buildPhases = (
				299A5AE32AC73EAA00DD77BE /* Sources */,
				299A5AE42AC73EAA00DD77BE /* Frameworks */,
				299A5AE52AC73EAA00DD77BE /* Resources */,
			);
			buildRules = (
			);
			dependencies = (
				299A5AE92AC73EAA00DD77BE /* PBXTargetDependency */,
			);
			name = swift_basics_tutorialTests;
			productName = swift_basics_tutorialTests;
			productReference = 299A5AE72AC73EAA00DD77BE /* swift_basics_tutorialTests.xctest */;
			productType = "com.apple.product-type.bundle.unit-test";
		};
		299A5AF02AC73EAA00DD77BE /* swift_basics_tutorialUITests */ = {
			isa = PBXNativeTarget;
			buildConfigurationList = 299A5B012AC73EAA00DD77BE /* Build configuration list for PBXNativeTarget "swift_basics_tutorialUITests" */;
			buildPhases = (
				299A5AED2AC73EAA00DD77BE /* Sources */,
				299A5AEE2AC73EAA00DD77BE /* Frameworks */,
				299A5AEF2AC73EAA00DD77BE /* Resources */,
			);
			buildRules = (
			);
			dependencies = (
				299A5AF32AC73EAA00DD77BE /* PBXTargetDependency */,
			);
			name = swift_basics_tutorialUITests;
			productName = swift_basics_tutorialUITests;
			productReference = 299A5AF12AC73EAA00DD77BE /* swift_basics_tutorialUITests.xctest */;
			productType = "com.apple.product-type.bundle.ui-testing";
		};
/* End PBXNativeTarget section */

/* Begin PBXProject section */
		299A5ACC2AC73EA800DD77BE /* Project object */ = {
			isa = PBXProject;
			attributes = {
				BuildIndependentTargetsInParallel = 1;
				LastSwiftUpdateCheck = 1500;
				LastUpgradeCheck = 1500;
				TargetAttributes = {
					299A5AD32AC73EA800DD77BE = {
						CreatedOnToolsVersion = 15.0;
					};
					299A5AE62AC73EAA00DD77BE = {
						CreatedOnToolsVersion = 15.0;
						TestTargetID = 299A5AD32AC73EA800DD77BE;
					};
					299A5AF02AC73EAA00DD77BE = {
						CreatedOnToolsVersion = 15.0;
						TestTargetID = 299A5AD32AC73EA800DD77BE;
					};
				};
			};
			buildConfigurationList = 299A5ACF2AC73EA800DD77BE /* Build configuration list for PBXProject "swift_basics_tutorial" */;
			compatibilityVersion = "Xcode 14.0";
			developmentRegion = en;
			hasScannedForEncodings = 0;
			knownRegions = (
				en,
				Base,
			);
			mainGroup = 299A5ACB2AC73EA800DD77BE;
			productRefGroup = 299A5AD52AC73EA800DD77BE /* Products */;
			projectDirPath = "";
			projectRoot = "";
			targets = (
				299A5AD32AC73EA800DD77BE /* swift_basics_tutorial */,
				299A5AE62AC73EAA00DD77BE /* swift_basics_tutorialTests */,
				299A5AF02AC73EAA00DD77BE /* swift_basics_tutorialUITests */,
			);
		};
/* End PBXProject section */

/* Begin PBXResourcesBuildPhase section */
		299A5AD22AC73EA800DD77BE /* Resources */ = {
			isa = PBXResourcesBuildPhase;
			buildActionMask = 2147483647;
			files = (
				299A5AE22AC73EAA00DD77BE /* Preview Assets.xcassets in Resources */,
				299A5ADE2AC73EAA00DD77BE /* Assets.xcassets in Resources */,
			);
			runOnlyForDeploymentPostprocessing = 0;
		};
		299A5AE52AC73EAA00DD77BE /* Resources */ = {
			isa = PBXResourcesBuildPhase;
			buildActionMask = 2147483647;
			files = (
			);
			runOnlyForDeploymentPostprocessing = 0;
		};
		299A5AEF2AC73EAA00DD77BE /* Resources */ = {
			isa = PBXResourcesBuildPhase;
			buildActionMask = 2147483647;
			files = (
			);
			runOnlyForDeploymentPostprocessing = 0;
		};
/* End PBXResourcesBuildPhase section */

/* Begin PBXSourcesBuildPhase section */
		299A5AD02AC73EA800DD77BE /* Sources */ = {
			isa = PBXSourcesBuildPhase;
			buildActionMask = 2147483647;
			files = (
				299A5ADA2AC73EA800DD77BE /* ContentView.swift in Sources */,
				299A5ADC2AC73EA800DD77BE /* Item.swift in Sources */,
				299A5AD82AC73EA800DD77BE /* swift_basics_tutorialApp.swift in Sources */,
			);
			runOnlyForDeploymentPostprocessing = 0;
		};
		299A5AE32AC73EAA00DD77BE /* Sources */ = {
			isa = PBXSourcesBuildPhase;
			buildActionMask = 2147483647;
			files = (
				299A5AEC2AC73EAA00DD77BE /* swift_basics_tutorialTests.swift in Sources */,
			);
			runOnlyForDeploymentPostprocessing = 0;
		};
		299A5AED2AC73EAA00DD77BE /* Sources */ = {
			isa = PBXSourcesBuildPhase;
			buildActionMask = 2147483647;
			files = (
				299A5AF62AC73EAA00DD77BE /* swift_basics_tutorialUITests.swift in Sources */,
				299A5AF82AC73EAA00DD77BE /* swift_basics_tutorialUITestsLaunchTests.swift in Sources */,
			);
			runOnlyForDeploymentPostprocessing = 0;
		};
/* End PBXSourcesBuildPhase section */

/* Begin PBXTargetDependency section */
		299A5AE92AC73EAA00DD77BE /* PBXTargetDependency */ = {
			isa = PBXTargetDependency;
			target = 299A5AD32AC73EA800DD77BE /* swift_basics_tutorial */;
			targetProxy = 299A5AE82AC73EAA00DD77BE /* PBXContainerItemProxy */;
		};
		299A5AF32AC73EAA00DD77BE /* PBXTargetDependency */ = {
			isa = PBXTargetDependency;
			target = 299A5AD32AC73EA800DD77BE /* swift_basics_tutorial */;
			targetProxy = 299A5AF22AC73EAA00DD77BE /* PBXContainerItemProxy */;
		};
/* End PBXTargetDependency section */

/* Begin XCBuildConfiguration section */
		299A5AF92AC73EAA00DD77BE /* Debug */ = {
			isa = XCBuildConfiguration;
			buildSettings = {
				ALWAYS_SEARCH_USER_PATHS = NO;
				ASSETCATALOG_COMPILER_GENERATE_SWIFT_ASSET_SYMBOL_EXTENSIONS = YES;
				CLANG_ANALYZER_NONNULL = YES;
				CLANG_ANALYZER_NUMBER_OBJECT_CONVERSION = YES_AGGRESSIVE;
				CLANG_CXX_LANGUAGE_STANDARD = "gnu++20";
				CLANG_ENABLE_MODULES = YES;
				CLANG_ENABLE_OBJC_ARC = YES;
				CLANG_ENABLE_OBJC_WEAK = YES;
				CLANG_WARN_BLOCK_CAPTURE_AUTORELEASING = YES;
				CLANG_WARN_BOOL_CONVERSION = YES;
				CLANG_WARN_COMMA = YES;
				CLANG_WARN_CONSTANT_CONVERSION = YES;
				CLANG_WARN_DEPRECATED_OBJC_IMPLEMENTATIONS = YES;
				CLANG_WARN_DIRECT_OBJC_ISA_USAGE = YES_ERROR;
				CLANG_WARN_DOCUMENTATION_COMMENTS = YES;
				CLANG_WARN_EMPTY_BODY = YES;
				CLANG_WARN_ENUM_CONVERSION = YES;
				CLANG_WARN_INFINITE_RECURSION = YES;
				CLANG_WARN_INT_CONVERSION = YES;
				CLANG_WARN_NON_LITERAL_NULL_CONVERSION = YES;
				CLANG_WARN_OBJC_IMPLICIT_RETAIN_SELF = YES;
				CLANG_WARN_OBJC_LITERAL_CONVERSION = YES;
				CLANG_WARN_OBJC_ROOT_CLASS = YES_ERROR;
				CLANG_WARN_QUOTED_INCLUDE_IN_FRAMEWORK_HEADER = YES;
				CLANG_WARN_RANGE_LOOP_ANALYSIS = YES;
				CLANG_WARN_STRICT_PROTOTYPES = YES;
				CLANG_WARN_SUSPICIOUS_MOVE = YES;
				CLANG_WARN_UNGUARDED_AVAILABILITY = YES_AGGRESSIVE;
				CLANG_WARN_UNREACHABLE_CODE = YES;
				CLANG_WARN__DUPLICATE_METHOD_MATCH = YES;
				COPY_PHASE_STRIP = NO;
				DEBUG_INFORMATION_FORMAT = dwarf;
				ENABLE_STRICT_OBJC_MSGSEND = YES;
				ENABLE_TESTABILITY = YES;
				ENABLE_USER_SCRIPT_SANDBOXING = YES;
				GCC_C_LANGUAGE_STANDARD = gnu17;
				GCC_DYNAMIC_NO_PIC = NO;
				GCC_NO_COMMON_BLOCKS = YES;
				GCC_OPTIMIZATION_LEVEL = 0;
				GCC_PREPROCESSOR_DEFINITIONS = (
					"DEBUG=1",
					"$(inherited)",
				);
				GCC_WARN_64_TO_32_BIT_CONVERSION = YES;
				GCC_WARN_ABOUT_RETURN_TYPE = YES_ERROR;
				GCC_WARN_UNDECLARED_SELECTOR = YES;
				GCC_WARN_UNINITIALIZED_AUTOS = YES_AGGRESSIVE;
				GCC_WARN_UNUSED_FUNCTION = YES;
				GCC_WARN_UNUSED_VARIABLE = YES;
				LOCALIZATION_PREFERS_STRING_CATALOGS = YES;
				MTL_ENABLE_DEBUG_INFO = INCLUDE_SOURCE;
				MTL_FAST_MATH = YES;
				ONLY_ACTIVE_ARCH = YES;
				SWIFT_ACTIVE_COMPILATION_CONDITIONS = "DEBUG $(inherited)";
				SWIFT_OPTIMIZATION_LEVEL = "-Onone";
			};
			name = Debug;
		};
		299A5AFA2AC73EAA00DD77BE /* Release */ = {
			isa = XCBuildConfiguration;
			buildSettings = {
				ALWAYS_SEARCH_USER_PATHS = NO;
				ASSETCATALOG_COMPILER_GENERATE_SWIFT_ASSET_SYMBOL_EXTENSIONS = YES;
				CLANG_ANALYZER_NONNULL = YES;
				CLANG_ANALYZER_NUMBER_OBJECT_CONVERSION = YES_AGGRESSIVE;
				CLANG_CXX_LANGUAGE_STANDARD = "gnu++20";
				CLANG_ENABLE_MODULES = YES;
				CLANG_ENABLE_OBJC_ARC = YES;
				CLANG_ENABLE_OBJC_WEAK = YES;
				CLANG_WARN_BLOCK_CAPTURE_AUTORELEASING = YES;
				CLANG_WARN_BOOL_CONVERSION = YES;
				CLANG_WARN_COMMA = YES;
				CLANG_WARN_CONSTANT_CONVERSION = YES;
				CLANG_WARN_DEPRECATED_OBJC_IMPLEMENTATIONS = YES;
				CLANG_WARN_DIRECT_OBJC_ISA_USAGE = YES_ERROR;
				CLANG_WARN_DOCUMENTATION_COMMENTS = YES;
				CLANG_WARN_EMPTY_BODY = YES;
				CLANG_WARN_ENUM_CONVERSION = YES;
				CLANG_WARN_INFINITE_RECURSION = YES;
				CLANG_WARN_INT_CONVERSION = YES;
				CLANG_WARN_NON_LITERAL_NULL_CONVERSION = YES;
				CLANG_WARN_OBJC_IMPLICIT_RETAIN_SELF = YES;
				CLANG_WARN_OBJC_LITERAL_CONVERSION = YES;
				CLANG_WARN_OBJC_ROOT_CLASS = YES_ERROR;
				CLANG_WARN_QUOTED_INCLUDE_IN_FRAMEWORK_HEADER = YES;
				CLANG_WARN_RANGE_LOOP_ANALYSIS = YES;
				CLANG_WARN_STRICT_PROTOTYPES = YES;
				CLANG_WARN_SUSPICIOUS_MOVE = YES;
				CLANG_WARN_UNGUARDED_AVAILABILITY = YES_AGGRESSIVE;
				CLANG_WARN_UNREACHABLE_CODE = YES;
				CLANG_WARN__DUPLICATE_METHOD_MATCH = YES;
				COPY_PHASE_STRIP = NO;
				DEBUG_INFORMATION_FORMAT = "dwarf-with-dsym";
				ENABLE_NS_ASSERTIONS = NO;
				ENABLE_STRICT_OBJC_MSGSEND = YES;
				ENABLE_USER_SCRIPT_SANDBOXING = YES;
				GCC_C_LANGUAGE_STANDARD = gnu17;
				GCC_NO_COMMON_BLOCKS = YES;
				GCC_WARN_64_TO_32_BIT_CONVERSION = YES;
				GCC_WARN_ABOUT_RETURN_TYPE = YES_ERROR;
				GCC_WARN_UNDECLARED_SELECTOR = YES;
				GCC_WARN_UNINITIALIZED_AUTOS = YES_AGGRESSIVE;
				GCC_WARN_UNUSED_FUNCTION = YES;
				GCC_WARN_UNUSED_VARIABLE = YES;
				LOCALIZATION_PREFERS_STRING_CATALOGS = YES;
				MTL_ENABLE_DEBUG_INFO = NO;
				MTL_FAST_MATH = YES;
				SWIFT_COMPILATION_MODE = wholemodule;
			};
			name = Release;
		};
		299A5AFC2AC73EAA00DD77BE /* Debug */ = {
			isa = XCBuildConfiguration;
			buildSettings = {
				ASSETCATALOG_COMPILER_APPICON_NAME = AppIcon;
				ASSETCATALOG_COMPILER_GLOBAL_ACCENT_COLOR_NAME = AccentColor;
				CODE_SIGN_ENTITLEMENTS = swift_basics_tutorial/swift_basics_tutorial.entitlements;
				CODE_SIGN_STYLE = Automatic;
				CURRENT_PROJECT_VERSION = 1;
				DEVELOPMENT_ASSET_PATHS = "\"swift_basics_tutorial/Preview Content\"";
				DEVELOPMENT_TEAM = J94AVAQ5MR;
				ENABLE_HARDENED_RUNTIME = YES;
				ENABLE_PREVIEWS = YES;
				GENERATE_INFOPLIST_FILE = YES;
				"INFOPLIST_KEY_UIApplicationSceneManifest_Generation[sdk=iphoneos*]" = YES;
				"INFOPLIST_KEY_UIApplicationSceneManifest_Generation[sdk=iphonesimulator*]" = YES;
				"INFOPLIST_KEY_UIApplicationSupportsIndirectInputEvents[sdk=iphoneos*]" = YES;
				"INFOPLIST_KEY_UIApplicationSupportsIndirectInputEvents[sdk=iphonesimulator*]" = YES;
				"INFOPLIST_KEY_UILaunchScreen_Generation[sdk=iphoneos*]" = YES;
				"INFOPLIST_KEY_UILaunchScreen_Generation[sdk=iphonesimulator*]" = YES;
				"INFOPLIST_KEY_UIStatusBarStyle[sdk=iphoneos*]" = UIStatusBarStyleDefault;
				"INFOPLIST_KEY_UIStatusBarStyle[sdk=iphonesimulator*]" = UIStatusBarStyleDefault;
				INFOPLIST_KEY_UISupportedInterfaceOrientations_iPad = "UIInterfaceOrientationPortrait UIInterfaceOrientationPortraitUpsideDown UIInterfaceOrientationLandscapeLeft UIInterfaceOrientationLandscapeRight";
				INFOPLIST_KEY_UISupportedInterfaceOrientations_iPhone = "UIInterfaceOrientationPortrait UIInterfaceOrientationLandscapeLeft UIInterfaceOrientationLandscapeRight";
				IPHONEOS_DEPLOYMENT_TARGET = 17.0;
				LD_RUNPATH_SEARCH_PATHS = "@executable_path/Frameworks";
				"LD_RUNPATH_SEARCH_PATHS[sdk=macosx*]" = "@executable_path/../Frameworks";
				MACOSX_DEPLOYMENT_TARGET = 14.0;
				MARKETING_VERSION = 1.0;
				PRODUCT_BUNDLE_IDENTIFIER = "psc.swift-basics-tutorial";
				PRODUCT_NAME = "$(TARGET_NAME)";
				SDKROOT = auto;
				SUPPORTED_PLATFORMS = "iphoneos iphonesimulator macosx";
				SWIFT_EMIT_LOC_STRINGS = YES;
				SWIFT_VERSION = 5.0;
				TARGETED_DEVICE_FAMILY = "1,2";
			};
			name = Debug;
		};
		299A5AFD2AC73EAA00DD77BE /* Release */ = {
			isa = XCBuildConfiguration;
			buildSettings = {
				ASSETCATALOG_COMPILER_APPICON_NAME = AppIcon;
				ASSETCATALOG_COMPILER_GLOBAL_ACCENT_COLOR_NAME = AccentColor;
				CODE_SIGN_ENTITLEMENTS = swift_basics_tutorial/swift_basics_tutorial.entitlements;
				CODE_SIGN_STYLE = Automatic;
				CURRENT_PROJECT_VERSION = 1;
				DEVELOPMENT_ASSET_PATHS = "\"swift_basics_tutorial/Preview Content\"";
				DEVELOPMENT_TEAM = J94AVAQ5MR;
				ENABLE_HARDENED_RUNTIME = YES;
				ENABLE_PREVIEWS = YES;
				GENERATE_INFOPLIST_FILE = YES;
				"INFOPLIST_KEY_UIApplicationSceneManifest_Generation[sdk=iphoneos*]" = YES;
				"INFOPLIST_KEY_UIApplicationSceneManifest_Generation[sdk=iphonesimulator*]" = YES;
				"INFOPLIST_KEY_UIApplicationSupportsIndirectInputEvents[sdk=iphoneos*]" = YES;
				"INFOPLIST_KEY_UIApplicationSupportsIndirectInputEvents[sdk=iphonesimulator*]" = YES;
				"INFOPLIST_KEY_UILaunchScreen_Generation[sdk=iphoneos*]" = YES;
				"INFOPLIST_KEY_UILaunchScreen_Generation[sdk=iphonesimulator*]" = YES;
				"INFOPLIST_KEY_UIStatusBarStyle[sdk=iphoneos*]" = UIStatusBarStyleDefault;
				"INFOPLIST_KEY_UIStatusBarStyle[sdk=iphonesimulator*]" = UIStatusBarStyleDefault;
				INFOPLIST_KEY_UISupportedInterfaceOrientations_iPad = "UIInterfaceOrientationPortrait UIInterfaceOrientationPortraitUpsideDown UIInterfaceOrientationLandscapeLeft UIInterfaceOrientationLandscapeRight";
				INFOPLIST_KEY_UISupportedInterfaceOrientations_iPhone = "UIInterfaceOrientationPortrait UIInterfaceOrientationLandscapeLeft UIInterfaceOrientationLandscapeRight";
				IPHONEOS_DEPLOYMENT_TARGET = 17.0;
				LD_RUNPATH_SEARCH_PATHS = "@executable_path/Frameworks";
				"LD_RUNPATH_SEARCH_PATHS[sdk=macosx*]" = "@executable_path/../Frameworks";
				MACOSX_DEPLOYMENT_TARGET = 14.0;
				MARKETING_VERSION = 1.0;
				PRODUCT_BUNDLE_IDENTIFIER = "psc.swift-basics-tutorial";
				PRODUCT_NAME = "$(TARGET_NAME)";
				SDKROOT = auto;
				SUPPORTED_PLATFORMS = "iphoneos iphonesimulator macosx";
				SWIFT_EMIT_LOC_STRINGS = YES;
				SWIFT_VERSION = 5.0;
				TARGETED_DEVICE_FAMILY = "1,2";
			};
			name = Release;
		};
		299A5AFF2AC73EAA00DD77BE /* Debug */ = {
			isa = XCBuildConfiguration;
			buildSettings = {
				ALWAYS_EMBED_SWIFT_STANDARD_LIBRARIES = YES;
				BUNDLE_LOADER = "$(TEST_HOST)";
				CODE_SIGN_STYLE = Automatic;
				CURRENT_PROJECT_VERSION = 1;
				DEVELOPMENT_TEAM = J94AVAQ5MR;
				GENERATE_INFOPLIST_FILE = YES;
				IPHONEOS_DEPLOYMENT_TARGET = 17.0;
				MACOSX_DEPLOYMENT_TARGET = 14.0;
				MARKETING_VERSION = 1.0;
				PRODUCT_BUNDLE_IDENTIFIER = "psc.swift-basics-tutorialTests";
				PRODUCT_NAME = "$(TARGET_NAME)";
				SDKROOT = auto;
				SUPPORTED_PLATFORMS = "iphoneos iphonesimulator macosx";
				SWIFT_EMIT_LOC_STRINGS = NO;
				SWIFT_VERSION = 5.0;
				TARGETED_DEVICE_FAMILY = "1,2";
				TEST_HOST = "$(BUILT_PRODUCTS_DIR)/swift_basics_tutorial.app/$(BUNDLE_EXECUTABLE_FOLDER_PATH)/swift_basics_tutorial";
			};
			name = Debug;
		};
		299A5B002AC73EAA00DD77BE /* Release */ = {
			isa = XCBuildConfiguration;
			buildSettings = {
				ALWAYS_EMBED_SWIFT_STANDARD_LIBRARIES = YES;
				BUNDLE_LOADER = "$(TEST_HOST)";
				CODE_SIGN_STYLE = Automatic;
				CURRENT_PROJECT_VERSION = 1;
				DEVELOPMENT_TEAM = J94AVAQ5MR;
				GENERATE_INFOPLIST_FILE = YES;
				IPHONEOS_DEPLOYMENT_TARGET = 17.0;
				MACOSX_DEPLOYMENT_TARGET = 14.0;
				MARKETING_VERSION = 1.0;
				PRODUCT_BUNDLE_IDENTIFIER = "psc.swift-basics-tutorialTests";
				PRODUCT_NAME = "$(TARGET_NAME)";
				SDKROOT = auto;
				SUPPORTED_PLATFORMS = "iphoneos iphonesimulator macosx";
				SWIFT_EMIT_LOC_STRINGS = NO;
				SWIFT_VERSION = 5.0;
				TARGETED_DEVICE_FAMILY = "1,2";
				TEST_HOST = "$(BUILT_PRODUCTS_DIR)/swift_basics_tutorial.app/$(BUNDLE_EXECUTABLE_FOLDER_PATH)/swift_basics_tutorial";
			};
			name = Release;
		};
		299A5B022AC73EAA00DD77BE /* Debug */ = {
			isa = XCBuildConfiguration;
			buildSettings = {
				ALWAYS_EMBED_SWIFT_STANDARD_LIBRARIES = YES;
				CODE_SIGN_STYLE = Automatic;
				CURRENT_PROJECT_VERSION = 1;
				DEVELOPMENT_TEAM = J94AVAQ5MR;
				GENERATE_INFOPLIST_FILE = YES;
				IPHONEOS_DEPLOYMENT_TARGET = 17.0;
				MACOSX_DEPLOYMENT_TARGET = 14.0;
				MARKETING_VERSION = 1.0;
				PRODUCT_BUNDLE_IDENTIFIER = "psc.swift-basics-tutorialUITests";
				PRODUCT_NAME = "$(TARGET_NAME)";
				SDKROOT = auto;
				SUPPORTED_PLATFORMS = "iphoneos iphonesimulator macosx";
				SWIFT_EMIT_LOC_STRINGS = NO;
				SWIFT_VERSION = 5.0;
				TARGETED_DEVICE_FAMILY = "1,2";
				TEST_TARGET_NAME = swift_basics_tutorial;
			};
			name = Debug;
		};
		299A5B032AC73EAA00DD77BE /* Release */ = {
			isa = XCBuildConfiguration;
			buildSettings = {
				ALWAYS_EMBED_SWIFT_STANDARD_LIBRARIES = YES;
				CODE_SIGN_STYLE = Automatic;
				CURRENT_PROJECT_VERSION = 1;
				DEVELOPMENT_TEAM = J94AVAQ5MR;
				GENERATE_INFOPLIST_FILE = YES;
				IPHONEOS_DEPLOYMENT_TARGET = 17.0;
				MACOSX_DEPLOYMENT_TARGET = 14.0;
				MARKETING_VERSION = 1.0;
				PRODUCT_BUNDLE_IDENTIFIER = "psc.swift-basics-tutorialUITests";
				PRODUCT_NAME = "$(TARGET_NAME)";
				SDKROOT = auto;
				SUPPORTED_PLATFORMS = "iphoneos iphonesimulator macosx";
				SWIFT_EMIT_LOC_STRINGS = NO;
				SWIFT_VERSION = 5.0;
				TARGETED_DEVICE_FAMILY = "1,2";
				TEST_TARGET_NAME = swift_basics_tutorial;
			};
			name = Release;
		};
/* End XCBuildConfiguration section */

/* Begin XCConfigurationList section */
		299A5ACF2AC73EA800DD77BE /* Build configuration list for PBXProject "swift_basics_tutorial" */ = {
			isa = XCConfigurationList;
			buildConfigurations = (
				299A5AF92AC73EAA00DD77BE /* Debug */,
				299A5AFA2AC73EAA00DD77BE /* Release */,
			);
			defaultConfigurationIsVisible = 0;
			defaultConfigurationName = Release;
		};
		299A5AFB2AC73EAA00DD77BE /* Build configuration list for PBXNativeTarget "swift_basics_tutorial" */ = {
			isa = XCConfigurationList;
			buildConfigurations = (
				299A5AFC2AC73EAA00DD77BE /* Debug */,
				299A5AFD2AC73EAA00DD77BE /* Release */,
			);
			defaultConfigurationIsVisible = 0;
			defaultConfigurationName = Release;
		};
		299A5AFE2AC73EAA00DD77BE /* Build configuration list for PBXNativeTarget "swift_basics_tutorialTests" */ = {
			isa = XCConfigurationList;
			buildConfigurations = (
				299A5AFF2AC73EAA00DD77BE /* Debug */,
				299A5B002AC73EAA00DD77BE /* Release */,
			);
			defaultConfigurationIsVisible = 0;
			defaultConfigurationName = Release;
		};
		299A5B012AC73EAA00DD77BE /* Build configuration list for PBXNativeTarget "swift_basics_tutorialUITests" */ = {
			isa = XCConfigurationList;
			buildConfigurations = (
				299A5B022AC73EAA00DD77BE /* Debug */,
				299A5B032AC73EAA00DD77BE /* Release */,
			);
			defaultConfigurationIsVisible = 0;
			defaultConfigurationName = Release;
		};
/* End XCConfigurationList section */
	};
	rootObject = 299A5ACC2AC73EA800DD77BE /* Project object */;
}
